// !$*UTF8*$!
{
	archiveVersion = 1;
	classes = {
	};
	objectVersion = 46;
	objects = {

/* Begin PBXBuildFile section */
		848C883A1D91BD9B00EB13BB /* AppDelegate.swift in Sources */ = {isa = PBXBuildFile; fileRef = 848C88391D91BD9B00EB13BB /* AppDelegate.swift */; };
		848C883C1D91BD9B00EB13BB /* ViewController.swift in Sources */ = {isa = PBXBuildFile; fileRef = 848C883B1D91BD9B00EB13BB /* ViewController.swift */; };
		848C883F1D91BD9B00EB13BB /* Main.storyboard in Resources */ = {isa = PBXBuildFile; fileRef = 848C883D1D91BD9B00EB13BB /* Main.storyboard */; };
		848C88411D91BD9B00EB13BB /* Assets.xcassets in Resources */ = {isa = PBXBuildFile; fileRef = 848C88401D91BD9B00EB13BB /* Assets.xcassets */; };
		848C88441D91BD9B00EB13BB /* LaunchScreen.storyboard in Resources */ = {isa = PBXBuildFile; fileRef = 848C88421D91BD9B00EB13BB /* LaunchScreen.storyboard */; };
		848C884F1D91BD9B00EB13BB /* Oppgave9Tests.swift in Sources */ = {isa = PBXBuildFile; fileRef = 848C884E1D91BD9B00EB13BB /* Oppgave9Tests.swift */; };
		848C885A1D91BD9B00EB13BB /* Oppgave9UITests.swift in Sources */ = {isa = PBXBuildFile; fileRef = 848C88591D91BD9B00EB13BB /* Oppgave9UITests.swift */; };
/* End PBXBuildFile section */

/* Begin PBXContainerItemProxy section */
		848C884B1D91BD9B00EB13BB /* PBXContainerItemProxy */ = {
			isa = PBXContainerItemProxy;
			containerPortal = 848C882E1D91BD9A00EB13BB /* Project object */;
			proxyType = 1;
			remoteGlobalIDString = 848C88351D91BD9A00EB13BB;
			remoteInfo = Oppgave9;
		};
		848C88561D91BD9B00EB13BB /* PBXContainerItemProxy */ = {
			isa = PBXContainerItemProxy;
			containerPortal = 848C882E1D91BD9A00EB13BB /* Project object */;
			proxyType = 1;
			remoteGlobalIDString = 848C88351D91BD9A00EB13BB;
			remoteInfo = Oppgave9;
		};
/* End PBXContainerItemProxy section */

/* Begin PBXFileReference section */
		848C88361D91BD9B00EB13BB /* Oppgave9.app */ = {isa = PBXFileReference; explicitFileType = wrapper.application; includeInIndex = 0; path = Oppgave9.app; sourceTree = BUILT_PRODUCTS_DIR; };
		848C88391D91BD9B00EB13BB /* AppDelegate.swift */ = {isa = PBXFileReference; lastKnownFileType = sourcecode.swift; path = AppDelegate.swift; sourceTree = "<group>"; };
		848C883B1D91BD9B00EB13BB /* ViewController.swift */ = {isa = PBXFileReference; lastKnownFileType = sourcecode.swift; path = ViewController.swift; sourceTree = "<group>"; };
		848C883E1D91BD9B00EB13BB /* Base */ = {isa = PBXFileReference; lastKnownFileType = file.storyboard; name = Base; path = Base.lproj/Main.storyboard; sourceTree = "<group>"; };
		848C88401D91BD9B00EB13BB /* Assets.xcassets */ = {isa = PBXFileReference; lastKnownFileType = folder.assetcatalog; path = Assets.xcassets; sourceTree = "<group>"; };
		848C88431D91BD9B00EB13BB /* Base */ = {isa = PBXFileReference; lastKnownFileType = file.storyboard; name = Base; path = Base.lproj/LaunchScreen.storyboard; sourceTree = "<group>"; };
		848C88451D91BD9B00EB13BB /* Info.plist */ = {isa = PBXFileReference; lastKnownFileType = text.plist.xml; path = Info.plist; sourceTree = "<group>"; };
		848C884A1D91BD9B00EB13BB /* Oppgave9Tests.xctest */ = {isa = PBXFileReference; explicitFileType = wrapper.cfbundle; includeInIndex = 0; path = Oppgave9Tests.xctest; sourceTree = BUILT_PRODUCTS_DIR; };
		848C884E1D91BD9B00EB13BB /* Oppgave9Tests.swift */ = {isa = PBXFileReference; lastKnownFileType = sourcecode.swift; path = Oppgave9Tests.swift; sourceTree = "<group>"; };
		848C88501D91BD9B00EB13BB /* Info.plist */ = {isa = PBXFileReference; lastKnownFileType = text.plist.xml; path = Info.plist; sourceTree = "<group>"; };
		848C88551D91BD9B00EB13BB /* Oppgave9UITests.xctest */ = {isa = PBXFileReference; explicitFileType = wrapper.cfbundle; includeInIndex = 0; path = Oppgave9UITests.xctest; sourceTree = BUILT_PRODUCTS_DIR; };
		848C88591D91BD9B00EB13BB /* Oppgave9UITests.swift */ = {isa = PBXFileReference; lastKnownFileType = sourcecode.swift; path = Oppgave9UITests.swift; sourceTree = "<group>"; };
		848C885B1D91BD9B00EB13BB /* Info.plist */ = {isa = PBXFileReference; lastKnownFileType = text.plist.xml; path = Info.plist; sourceTree = "<group>"; };
/* End PBXFileReference section */

/* Begin PBXFrameworksBuildPhase section */
		848C88331D91BD9A00EB13BB /* Frameworks */ = {
			isa = PBXFrameworksBuildPhase;
			buildActionMask = 2147483647;
			files = (
			);
			runOnlyForDeploymentPostprocessing = 0;
		};
		848C88471D91BD9B00EB13BB /* Frameworks */ = {
			isa = PBXFrameworksBuildPhase;
			buildActionMask = 2147483647;
			files = (
			);
			runOnlyForDeploymentPostprocessing = 0;
		};
		848C88521D91BD9B00EB13BB /* Frameworks */ = {
			isa = PBXFrameworksBuildPhase;
			buildActionMask = 2147483647;
			files = (
			);
			runOnlyForDeploymentPostprocessing = 0;
		};
/* End PBXFrameworksBuildPhase section */

/* Begin PBXGroup section */
		848C882D1D91BD9A00EB13BB = {
			isa = PBXGroup;
			children = (
				848C88381D91BD9B00EB13BB /* Oppgave9 */,
				848C884D1D91BD9B00EB13BB /* Oppgave9Tests */,
				848C88581D91BD9B00EB13BB /* Oppgave9UITests */,
				848C88371D91BD9B00EB13BB /* Products */,
			);
			sourceTree = "<group>";
		};
		848C88371D91BD9B00EB13BB /* Products */ = {
			isa = PBXGroup;
			children = (
				848C88361D91BD9B00EB13BB /* Oppgave9.app */,
				848C884A1D91BD9B00EB13BB /* Oppgave9Tests.xctest */,
				848C88551D91BD9B00EB13BB /* Oppgave9UITests.xctest */,
			);
			name = Products;
			sourceTree = "<group>";
		};
		848C88381D91BD9B00EB13BB /* Oppgave9 */ = {
			isa = PBXGroup;
			children = (
				848C88391D91BD9B00EB13BB /* AppDelegate.swift */,
				848C883B1D91BD9B00EB13BB /* ViewController.swift */,
				848C883D1D91BD9B00EB13BB /* Main.storyboard */,
				848C88401D91BD9B00EB13BB /* Assets.xcassets */,
				848C88421D91BD9B00EB13BB /* LaunchScreen.storyboard */,
				848C88451D91BD9B00EB13BB /* Info.plist */,
			);
			path = Oppgave9;
			sourceTree = "<group>";
		};
		848C884D1D91BD9B00EB13BB /* Oppgave9Tests */ = {
			isa = PBXGroup;
			children = (
				848C884E1D91BD9B00EB13BB /* Oppgave9Tests.swift */,
				848C88501D91BD9B00EB13BB /* Info.plist */,
			);
			path = Oppgave9Tests;
			sourceTree = "<group>";
		};
		848C88581D91BD9B00EB13BB /* Oppgave9UITests */ = {
			isa = PBXGroup;
			children = (
				848C88591D91BD9B00EB13BB /* Oppgave9UITests.swift */,
				848C885B1D91BD9B00EB13BB /* Info.plist */,
			);
			path = Oppgave9UITests;
			sourceTree = "<group>";
		};
/* End PBXGroup section */

/* Begin PBXNativeTarget section */
		848C88351D91BD9A00EB13BB /* Oppgave9 */ = {
			isa = PBXNativeTarget;
			buildConfigurationList = 848C885E1D91BD9B00EB13BB /* Build configuration list for PBXNativeTarget "Oppgave9" */;
			buildPhases = (
				848C88321D91BD9A00EB13BB /* Sources */,
				848C88331D91BD9A00EB13BB /* Frameworks */,
				848C88341D91BD9A00EB13BB /* Resources */,
			);
			buildRules = (
			);
			dependencies = (
			);
			name = Oppgave9;
			productName = Oppgave9;
			productReference = 848C88361D91BD9B00EB13BB /* Oppgave9.app */;
			productType = "com.apple.product-type.application";
		};
		848C88491D91BD9B00EB13BB /* Oppgave9Tests */ = {
			isa = PBXNativeTarget;
			buildConfigurationList = 848C88611D91BD9B00EB13BB /* Build configuration list for PBXNativeTarget "Oppgave9Tests" */;
			buildPhases = (
				848C88461D91BD9B00EB13BB /* Sources */,
				848C88471D91BD9B00EB13BB /* Frameworks */,
				848C88481D91BD9B00EB13BB /* Resources */,
			);
			buildRules = (
			);
			dependencies = (
				848C884C1D91BD9B00EB13BB /* PBXTargetDependency */,
			);
			name = Oppgave9Tests;
			productName = Oppgave9Tests;
			productReference = 848C884A1D91BD9B00EB13BB /* Oppgave9Tests.xctest */;
			productType = "com.apple.product-type.bundle.unit-test";
		};
		848C88541D91BD9B00EB13BB /* Oppgave9UITests */ = {
			isa = PBXNativeTarget;
			buildConfigurationList = 848C88641D91BD9B00EB13BB /* Build configuration list for PBXNativeTarget "Oppgave9UITests" */;
			buildPhases = (
				848C88511D91BD9B00EB13BB /* Sources */,
				848C88521D91BD9B00EB13BB /* Frameworks */,
				848C88531D91BD9B00EB13BB /* Resources */,
			);
			buildRules = (
			);
			dependencies = (
				848C88571D91BD9B00EB13BB /* PBXTargetDependency */,
			);
			name = Oppgave9UITests;
			productName = Oppgave9UITests;
			productReference = 848C88551D91BD9B00EB13BB /* Oppgave9UITests.xctest */;
			productType = "com.apple.product-type.bundle.ui-testing";
		};
/* End PBXNativeTarget section */

/* Begin PBXProject section */
		848C882E1D91BD9A00EB13BB /* Project object */ = {
			isa = PBXProject;
			attributes = {
				LastSwiftUpdateCheck = 0800;
				LastUpgradeCheck = 0800;
				ORGANIZATIONNAME = "Admin ";
				TargetAttributes = {
					848C88351D91BD9A00EB13BB = {
						CreatedOnToolsVersion = 8.0;
						ProvisioningStyle = Automatic;
					};
					848C88491D91BD9B00EB13BB = {
						CreatedOnToolsVersion = 8.0;
						ProvisioningStyle = Automatic;
						TestTargetID = 848C88351D91BD9A00EB13BB;
					};
					848C88541D91BD9B00EB13BB = {
						CreatedOnToolsVersion = 8.0;
						ProvisioningStyle = Automatic;
						TestTargetID = 848C88351D91BD9A00EB13BB;
					};
				};
			};
			buildConfigurationList = 848C88311D91BD9A00EB13BB /* Build configuration list for PBXProject "Oppgave9" */;
			compatibilityVersion = "Xcode 3.2";
			developmentRegion = English;
			hasScannedForEncodings = 0;
			knownRegions = (
				en,
				Base,
			);
			mainGroup = 848C882D1D91BD9A00EB13BB;
			productRefGroup = 848C88371D91BD9B00EB13BB /* Products */;
			projectDirPath = "";
			projectRoot = "";
			targets = (
				848C88351D91BD9A00EB13BB /* Oppgave9 */,
				848C88491D91BD9B00EB13BB /* Oppgave9Tests */,
				848C88541D91BD9B00EB13BB /* Oppgave9UITests */,
			);
		};
/* End PBXProject section */

/* Begin PBXResourcesBuildPhase section */
		848C88341D91BD9A00EB13BB /* Resources */ = {
			isa = PBXResourcesBuildPhase;
			buildActionMask = 2147483647;
			files = (
				848C88441D91BD9B00EB13BB /* LaunchScreen.storyboard in Resources */,
				848C88411D91BD9B00EB13BB /* Assets.xcassets in Resources */,
				848C883F1D91BD9B00EB13BB /* Main.storyboard in Resources */,
			);
			runOnlyForDeploymentPostprocessing = 0;
		};
		848C88481D91BD9B00EB13BB /* Resources */ = {
			isa = PBXResourcesBuildPhase;
			buildActionMask = 2147483647;
			files = (
			);
			runOnlyForDeploymentPostprocessing = 0;
		};
		848C88531D91BD9B00EB13BB /* Resources */ = {
			isa = PBXResourcesBuildPhase;
			buildActionMask = 2147483647;
			files = (
			);
			runOnlyForDeploymentPostprocessing = 0;
		};
/* End PBXResourcesBuildPhase section */

/* Begin PBXSourcesBuildPhase section */
		848C88321D91BD9A00EB13BB /* Sources */ = {
			isa = PBXSourcesBuildPhase;
			buildActionMask = 2147483647;
			files = (
				848C883C1D91BD9B00EB13BB /* ViewController.swift in Sources */,
				848C883A1D91BD9B00EB13BB /* AppDelegate.swift in Sources */,
			);
			runOnlyForDeploymentPostprocessing = 0;
		};
		848C88461D91BD9B00EB13BB /* Sources */ = {
			isa = PBXSourcesBuildPhase;
			buildActionMask = 2147483647;
			files = (
				848C884F1D91BD9B00EB13BB /* Oppgave9Tests.swift in Sources */,
			);
			runOnlyForDeploymentPostprocessing = 0;
		};
		848C88511D91BD9B00EB13BB /* Sources */ = {
			isa = PBXSourcesBuildPhase;
			buildActionMask = 2147483647;
			files = (
				848C885A1D91BD9B00EB13BB /* Oppgave9UITests.swift in Sources */,
			);
			runOnlyForDeploymentPostprocessing = 0;
		};
/* End PBXSourcesBuildPhase section */

/* Begin PBXTargetDependency section */
		848C884C1D91BD9B00EB13BB /* PBXTargetDependency */ = {
			isa = PBXTargetDependency;
			target = 848C88351D91BD9A00EB13BB /* Oppgave9 */;
			targetProxy = 848C884B1D91BD9B00EB13BB /* PBXContainerItemProxy */;
		};
		848C88571D91BD9B00EB13BB /* PBXTargetDependency */ = {
			isa = PBXTargetDependency;
			target = 848C88351D91BD9A00EB13BB /* Oppgave9 */;
			targetProxy = 848C88561D91BD9B00EB13BB /* PBXContainerItemProxy */;
		};
/* End PBXTargetDependency section */

/* Begin PBXVariantGroup section */
		848C883D1D91BD9B00EB13BB /* Main.storyboard */ = {
			isa = PBXVariantGroup;
			children = (
				848C883E1D91BD9B00EB13BB /* Base */,
			);
			name = Main.storyboard;
			sourceTree = "<group>";
		};
		848C88421D91BD9B00EB13BB /* LaunchScreen.storyboard */ = {
			isa = PBXVariantGroup;
			children = (
				848C88431D91BD9B00EB13BB /* Base */,
			);
			name = LaunchScreen.storyboard;
			sourceTree = "<group>";
		};
/* End PBXVariantGroup section */

/* Begin XCBuildConfiguration section */
		848C885C1D91BD9B00EB13BB /* Debug */ = {
			isa = XCBuildConfiguration;
			buildSettings = {
				ALWAYS_SEARCH_USER_PATHS = NO;
				CLANG_ANALYZER_NONNULL = YES;
				CLANG_CXX_LANGUAGE_STANDARD = "gnu++0x";
				CLANG_CXX_LIBRARY = "libc++";
				CLANG_ENABLE_MODULES = YES;
				CLANG_ENABLE_OBJC_ARC = YES;
				CLANG_WARN_BOOL_CONVERSION = YES;
				CLANG_WARN_CONSTANT_CONVERSION = YES;
				CLANG_WARN_DIRECT_OBJC_ISA_USAGE = YES_ERROR;
				CLANG_WARN_DOCUMENTATION_COMMENTS = YES;
				CLANG_WARN_EMPTY_BODY = YES;
				CLANG_WARN_ENUM_CONVERSION = YES;
				CLANG_WARN_INFINITE_RECURSION = YES;
				CLANG_WARN_INT_CONVERSION = YES;
				CLANG_WARN_OBJC_ROOT_CLASS = YES_ERROR;
				CLANG_WARN_SUSPICIOUS_MOVES = YES;
				CLANG_WARN_UNREACHABLE_CODE = YES;
				CLANG_WARN__DUPLICATE_METHOD_MATCH = YES;
				"CODE_SIGN_IDENTITY[sdk=iphoneos*]" = "iPhone Developer";
				COPY_PHASE_STRIP = NO;
				DEBUG_INFORMATION_FORMAT = dwarf;
				ENABLE_STRICT_OBJC_MSGSEND = YES;
				ENABLE_TESTABILITY = YES;
				GCC_C_LANGUAGE_STANDARD = gnu99;
				GCC_DYNAMIC_NO_PIC = NO;
				GCC_NO_COMMON_BLOCKS = YES;
				GCC_OPTIMIZATION_LEVEL = 0;
				GCC_PREPROCESSOR_DEFINITIONS = (
					"DEBUG=1",
					"$(inherited)",
				);
				GCC_WARN_64_TO_32_BIT_CONVERSION = YES;
				GCC_WARN_ABOUT_RETURN_TYPE = YES_ERROR;
				GCC_WARN_UNDECLARED_SELECTOR = YES;
				GCC_WARN_UNINITIALIZED_AUTOS = YES_AGGRESSIVE;
				GCC_WARN_UNUSED_FUNCTION = YES;
				GCC_WARN_UNUSED_VARIABLE = YES;
				IPHONEOS_DEPLOYMENT_TARGET = 10.0;
				MTL_ENABLE_DEBUG_INFO = YES;
				ONLY_ACTIVE_ARCH = YES;
				SDKROOT = iphoneos;
				SWIFT_ACTIVE_COMPILATION_CONDITIONS = DEBUG;
				SWIFT_OPTIMIZATION_LEVEL = "-Onone";
				TARGETED_DEVICE_FAMILY = "1,2";
			};
			name = Debug;
		};
		848C885D1D91BD9B00EB13BB /* Release */ = {
			isa = XCBuildConfiguration;
			buildSettings = {
				ALWAYS_SEARCH_USER_PATHS = NO;
				CLANG_ANALYZER_NONNULL = YES;
				CLANG_CXX_LANGUAGE_STANDARD = "gnu++0x";
				CLANG_CXX_LIBRARY = "libc++";
				CLANG_ENABLE_MODULES = YES;
				CLANG_ENABLE_OBJC_ARC = YES;
				CLANG_WARN_BOOL_CONVERSION = YES;
				CLANG_WARN_CONSTANT_CONVERSION = YES;
				CLANG_WARN_DIRECT_OBJC_ISA_USAGE = YES_ERROR;
				CLANG_WARN_DOCUMENTATION_COMMENTS = YES;
				CLANG_WARN_EMPTY_BODY = YES;
				CLANG_WARN_ENUM_CONVERSION = YES;
				CLANG_WARN_INFINITE_RECURSION = YES;
				CLANG_WARN_INT_CONVERSION = YES;
				CLANG_WARN_OBJC_ROOT_CLASS = YES_ERROR;
				CLANG_WARN_SUSPICIOUS_MOVES = YES;
				CLANG_WARN_UNREACHABLE_CODE = YES;
				CLANG_WARN__DUPLICATE_METHOD_MATCH = YES;
				"CODE_SIGN_IDENTITY[sdk=iphoneos*]" = "iPhone Developer";
				COPY_PHASE_STRIP = NO;
				DEBUG_INFORMATION_FORMAT = "dwarf-with-dsym";
				ENABLE_NS_ASSERTIONS = NO;
				ENABLE_STRICT_OBJC_MSGSEND = YES;
				GCC_C_LANGUAGE_STANDARD = gnu99;
				GCC_NO_COMMON_BLOCKS = YES;
				GCC_WARN_64_TO_32_BIT_CONVERSION = YES;
				GCC_WARN_ABOUT_RETURN_TYPE = YES_ERROR;
				GCC_WARN_UNDECLARED_SELECTOR = YES;
				GCC_WARN_UNINITIALIZED_AUTOS = YES_AGGRESSIVE;
				GCC_WARN_UNUSED_FUNCTION = YES;
				GCC_WARN_UNUSED_VARIABLE = YES;
				IPHONEOS_DEPLOYMENT_TARGET = 10.0;
				MTL_ENABLE_DEBUG_INFO = NO;
				SDKROOT = iphoneos;
				SWIFT_OPTIMIZATION_LEVEL = "-Owholemodule";
				TARGETED_DEVICE_FAMILY = "1,2";
				VALIDATE_PRODUCT = YES;
			};
			name = Release;
		};
		848C885F1D91BD9B00EB13BB /* Debug */ = {
			isa = XCBuildConfiguration;
			buildSettings = {
				ASSETCATALOG_COMPILER_APPICON_NAME = AppIcon;
				INFOPLIST_FILE = Oppgave9/Info.plist;
				LD_RUNPATH_SEARCH_PATHS = "$(inherited) @executable_path/Frameworks";
				PRODUCT_BUNDLE_IDENTIFIER = com.test.Oppgave9;
				PRODUCT_NAME = "$(TARGET_NAME)";
				SWIFT_VERSION = 3.0;
			};
			name = Debug;
		};
		848C88601D91BD9B00EB13BB /* Release */ = {
			isa = XCBuildConfiguration;
			buildSettings = {
				ASSETCATALOG_COMPILER_APPICON_NAME = AppIcon;
				INFOPLIST_FILE = Oppgave9/Info.plist;
				LD_RUNPATH_SEARCH_PATHS = "$(inherited) @executable_path/Frameworks";
				PRODUCT_BUNDLE_IDENTIFIER = com.test.Oppgave9;
				PRODUCT_NAME = "$(TARGET_NAME)";
				SWIFT_VERSION = 3.0;
			};
			name = Release;
		};
		848C88621D91BD9B00EB13BB /* Debug */ = {
			isa = XCBuildConfiguration;
			buildSettings = {
				ALWAYS_EMBED_SWIFT_STANDARD_LIBRARIES = YES;
				BUNDLE_LOADER = "$(TEST_HOST)";
				INFOPLIST_FILE = Oppgave9Tests/Info.plist;
				LD_RUNPATH_SEARCH_PATHS = "$(inherited) @executable_path/Frameworks @loader_path/Frameworks";
				PRODUCT_BUNDLE_IDENTIFIER = com.test.Oppgave9Tests;
				PRODUCT_NAME = "$(TARGET_NAME)";
				SWIFT_VERSION = 3.0;
				TEST_HOST = "$(BUILT_PRODUCTS_DIR)/Oppgave9.app/Oppgave9";
			};
			name = Debug;
		};
		848C88631D91BD9B00EB13BB /* Release */ = {
			isa = XCBuildConfiguration;
			buildSettings = {
				ALWAYS_EMBED_SWIFT_STANDARD_LIBRARIES = YES;
				BUNDLE_LOADER = "$(TEST_HOST)";
				INFOPLIST_FILE = Oppgave9Tests/Info.plist;
				LD_RUNPATH_SEARCH_PATHS = "$(inherited) @executable_path/Frameworks @loader_path/Frameworks";
				PRODUCT_BUNDLE_IDENTIFIER = com.test.Oppgave9Tests;
				PRODUCT_NAME = "$(TARGET_NAME)";
				SWIFT_VERSION = 3.0;
				TEST_HOST = "$(BUILT_PRODUCTS_DIR)/Oppgave9.app/Oppgave9";
			};
			name = Release;
		};
		848C88651D91BD9B00EB13BB /* Debug */ = {
			isa = XCBuildConfiguration;
			buildSettings = {
				ALWAYS_EMBED_SWIFT_STANDARD_LIBRARIES = YES;
				INFOPLIST_FILE = Oppgave9UITests/Info.plist;
				LD_RUNPATH_SEARCH_PATHS = "$(inherited) @executable_path/Frameworks @loader_path/Frameworks";
				PRODUCT_BUNDLE_IDENTIFIER = com.test.Oppgave9UITests;
				PRODUCT_NAME = "$(TARGET_NAME)";
				SWIFT_VERSION = 3.0;
				TEST_TARGET_NAME = Oppgave9;
			};
			name = Debug;
		};
		848C88661D91BD9B00EB13BB /* Release */ = {
			isa = XCBuildConfiguration;
			buildSettings = {
				ALWAYS_EMBED_SWIFT_STANDARD_LIBRARIES = YES;
				INFOPLIST_FILE = Oppgave9UITests/Info.plist;
				LD_RUNPATH_SEARCH_PATHS = "$(inherited) @executable_path/Frameworks @loader_path/Frameworks";
				PRODUCT_BUNDLE_IDENTIFIER = com.test.Oppgave9UITests;
				PRODUCT_NAME = "$(TARGET_NAME)";
				SWIFT_VERSION = 3.0;
				TEST_TARGET_NAME = Oppgave9;
			};
			name = Release;
		};
/* End XCBuildConfiguration section */

/* Begin XCConfigurationList section */
		848C88311D91BD9A00EB13BB /* Build configuration list for PBXProject "Oppgave9" */ = {
			isa = XCConfigurationList;
			buildConfigurations = (
				848C885C1D91BD9B00EB13BB /* Debug */,
				848C885D1D91BD9B00EB13BB /* Release */,
			);
			defaultConfigurationIsVisible = 0;
			defaultConfigurationName = Release;
		};
		848C885E1D91BD9B00EB13BB /* Build configuration list for PBXNativeTarget "Oppgave9" */ = {
			isa = XCConfigurationList;
			buildConfigurations = (
				848C885F1D91BD9B00EB13BB /* Debug */,
				848C88601D91BD9B00EB13BB /* Release */,
			);
			defaultConfigurationIsVisible = 0;
		};
		848C88611D91BD9B00EB13BB /* Build configuration list for PBXNativeTarget "Oppgave9Tests" */ = {
			isa = XCConfigurationList;
			buildConfigurations = (
				848C88621D91BD9B00EB13BB /* Debug */,
				848C88631D91BD9B00EB13BB /* Release */,
			);
			defaultConfigurationIsVisible = 0;
		};
		848C88641D91BD9B00EB13BB /* Build configuration list for PBXNativeTarget "Oppgave9UITests" */ = {
			isa = XCConfigurationList;
			buildConfigurations = (
				848C88651D91BD9B00EB13BB /* Debug */,
				848C88661D91BD9B00EB13BB /* Release */,
			);
			defaultConfigurationIsVisible = 0;
		};
/* End XCConfigurationList section */
	};
	rootObject = 848C882E1D91BD9A00EB13BB /* Project object */;
}
